
Microsoft Visual Studio Solution File, Format Version 12.00
# Visual Studio Version 16
VisualStudioVersion = 16.0.32228.343
MinimumVisualStudioVersion = 10.0.40219.1
Project("{9A19103F-16F7-4668-BE54-9A1E7A4F7556}") = "Tour De France", "Tour De France\Tour De France.csproj", "{8D3913EC-0D5D-4E43-B2E9-F0D1F38BAB33}"
EndProject
Project("{9A19103F-16F7-4668-BE54-9A1E7A4F7556}") = "Tour De FranceTests", "Tour De FranceTests\Tour De FranceTests.csproj", "{A9CDBC5B-EDF8-49CB-8100-C1A7827D5E5F}"
EndProject
Global
	GlobalSection(SolutionConfigurationPlatforms) = preSolution
		Debug|Any CPU = Debug|Any CPU
		Release|Any CPU = Release|Any CPU
	EndGlobalSection
	GlobalSection(ProjectConfigurationPlatforms) = postSolution
		{8D3913EC-0D5D-4E43-B2E9-F0D1F38BAB33}.Debug|Any CPU.ActiveCfg = Debug|Any CPU
		{8D3913EC-0D5D-4E43-B2E9-F0D1F38BAB33}.Debug|Any CPU.Build.0 = Debug|Any CPU
		{8D3913EC-0D5D-4E43-B2E9-F0D1F38BAB33}.Release|Any CPU.ActiveCfg = Release|Any CPU
		{8D3913EC-0D5D-4E43-B2E9-F0D1F38BAB33}.Release|Any CPU.Build.0 = Release|Any CPU
		{A9CDBC5B-EDF8-49CB-8100-C1A7827D5E5F}.Debug|Any CPU.ActiveCfg = Debug|Any CPU
		{A9CDBC5B-EDF8-49CB-8100-C1A7827D5E5F}.Debug|Any CPU.Build.0 = Debug|Any CPU
		{A9CDBC5B-EDF8-49CB-8100-C1A7827D5E5F}.Release|Any CPU.ActiveCfg = Release|Any CPU
		{A9CDBC5B-EDF8-49CB-8100-C1A7827D5E5F}.Release|Any CPU.Build.0 = Release|Any CPU
	EndGlobalSection
	GlobalSection(SolutionProperties) = preSolution
		HideSolutionNode = FALSE
	EndGlobalSection
	GlobalSection(ExtensibilityGlobals) = postSolution
		SolutionGuid = {145E0E73-E7E3-40E8-85AB-5FDABA0B478E}
	EndGlobalSection
EndGlobal
